
Microsoft Visual Studio Solution File, Format Version 12.00
# Visual Studio Version 16
VisualStudioVersion = 16.0.29920.165
MinimumVisualStudioVersion = 10.0.40219.1
Project("{9A19103F-16F7-4668-BE54-9A1E7A4F7556}") = "Master_Streaming", "Master_Streaming\Master_Streaming.csproj", "{D3E3DA22-174F-46CE-B796-AFDF775A782C}"
	ProjectSection(ProjectDependencies) = postProject
		{F956E60C-8B9D-4499-82C6-20E5320F1E1A} = {F956E60C-8B9D-4499-82C6-20E5320F1E1A}
	EndProjectSection
EndProject
Project("{9A19103F-16F7-4668-BE54-9A1E7A4F7556}") = "Class", "Class\Class.csproj", "{4F8552F9-17F7-42ED-AF2A-D3C4AB49C76D}"
EndProject
Project("{9A19103F-16F7-4668-BE54-9A1E7A4F7556}") = "Test_Auteur", "Test_Auteur\Test_Auteur.csproj", "{F5301DFA-E8F3-41D3-B466-E84B17975A99}"
EndProject
Project("{9A19103F-16F7-4668-BE54-9A1E7A4F7556}") = "Test_Serie", "Test_Serie\Test_Serie.csproj", "{DA425792-5272-48BF-8DFE-B94DB3818AA1}"
EndProject
Project("{9A19103F-16F7-4668-BE54-9A1E7A4F7556}") = "Test_Genre", "Test_Genre\Test_Genre.csproj", "{D627E368-D636-40B7-AF54-95A1A166E378}"
EndProject
Project("{9A19103F-16F7-4668-BE54-9A1E7A4F7556}") = "Test_Recherche", "Test_Recherche\Test_Recherche.csproj", "{E8756780-2923-40E5-9ECA-CE1FBB563868}"
EndProject
Project("{9A19103F-16F7-4668-BE54-9A1E7A4F7556}") = "Test_ProfilManager_Ajout et Supr", "Test_ProfilManager\Test_ProfilManager_Ajout et Supr.csproj", "{2A96CFAB-1100-48F4-93F8-8A819446FE7F}"
EndProject
Project("{9A19103F-16F7-4668-BE54-9A1E7A4F7556}") = "Test_Oeuvre", "Test_Oeuvre\Test_Oeuvre.csproj", "{76639572-5591-453A-9744-95DF9EB08A5C}"
EndProject
Project("{9A19103F-16F7-4668-BE54-9A1E7A4F7556}") = "Test_Watchlist", "Test_Watchlist\Test_Watchlist.csproj", "{615001D2-9E79-439D-AA59-22001CC8F8B6}"
EndProject
Project("{2150E333-8FDC-42A3-9474-1A3956D46DE8}") = "Tests_ProfilManager", "Tests_ProfilManager", "{D022EA6C-ED1B-4A4F-A945-65A46B864C22}"
EndProject
Project("{2150E333-8FDC-42A3-9474-1A3956D46DE8}") = "Tests_fonctionnels", "Tests_fonctionnels", "{71A02715-5698-403A-ACA5-093EF1F32A4A}"
EndProject
Project("{9A19103F-16F7-4668-BE54-9A1E7A4F7556}") = "TestU_Recherche", "TestU_Recherche\TestU_Recherche.csproj", "{AFD76CE4-5C91-4F0E-8713-3380639CC20D}"
EndProject
Project("{2150E333-8FDC-42A3-9474-1A3956D46DE8}") = "Tests_Unitaires", "Tests_Unitaires", "{08E8A511-F14A-4B6C-9B16-D8948B97D1A7}"
EndProject
Project("{9A19103F-16F7-4668-BE54-9A1E7A4F7556}") = "TestU_MainManager", "TestU_MainManager\TestU_MainManager.csproj", "{9BABC92D-6E3E-4C89-A977-7E16E4639F14}"
EndProject
Project("{9A19103F-16F7-4668-BE54-9A1E7A4F7556}") = "Stub", "Stub\Stub.csproj", "{6BCCF9F5-B3D4-4F59-99AB-EA32A4E0B926}"
EndProject
Project("{9A19103F-16F7-4668-BE54-9A1E7A4F7556}") = "DataContractPersistance", "DataContractPersistance\DataContractPersistance.csproj", "{F956E60C-8B9D-4499-82C6-20E5320F1E1A}"
EndProject
Project("{9A19103F-16F7-4668-BE54-9A1E7A4F7556}") = "Test_DataContract", "Test_DataContract\Test_DataContract.csproj", "{AB1E1326-2217-4302-A4D6-19EEF2489324}"
EndProject
Global
	GlobalSection(SolutionConfigurationPlatforms) = preSolution
		Debug|Any CPU = Debug|Any CPU
		Release|Any CPU = Release|Any CPU
	EndGlobalSection
	GlobalSection(ProjectConfigurationPlatforms) = postSolution
		{D3E3DA22-174F-46CE-B796-AFDF775A782C}.Debug|Any CPU.ActiveCfg = Debug|Any CPU
		{D3E3DA22-174F-46CE-B796-AFDF775A782C}.Debug|Any CPU.Build.0 = Debug|Any CPU
		{D3E3DA22-174F-46CE-B796-AFDF775A782C}.Release|Any CPU.ActiveCfg = Release|Any CPU
		{D3E3DA22-174F-46CE-B796-AFDF775A782C}.Release|Any CPU.Build.0 = Release|Any CPU
		{4F8552F9-17F7-42ED-AF2A-D3C4AB49C76D}.Debug|Any CPU.ActiveCfg = Debug|Any CPU
		{4F8552F9-17F7-42ED-AF2A-D3C4AB49C76D}.Debug|Any CPU.Build.0 = Debug|Any CPU
		{4F8552F9-17F7-42ED-AF2A-D3C4AB49C76D}.Release|Any CPU.ActiveCfg = Release|Any CPU
		{4F8552F9-17F7-42ED-AF2A-D3C4AB49C76D}.Release|Any CPU.Build.0 = Release|Any CPU
		{F5301DFA-E8F3-41D3-B466-E84B17975A99}.Debug|Any CPU.ActiveCfg = Debug|Any CPU
		{F5301DFA-E8F3-41D3-B466-E84B17975A99}.Debug|Any CPU.Build.0 = Debug|Any CPU
		{F5301DFA-E8F3-41D3-B466-E84B17975A99}.Release|Any CPU.ActiveCfg = Release|Any CPU
		{F5301DFA-E8F3-41D3-B466-E84B17975A99}.Release|Any CPU.Build.0 = Release|Any CPU
		{DA425792-5272-48BF-8DFE-B94DB3818AA1}.Debug|Any CPU.ActiveCfg = Debug|Any CPU
		{DA425792-5272-48BF-8DFE-B94DB3818AA1}.Debug|Any CPU.Build.0 = Debug|Any CPU
		{DA425792-5272-48BF-8DFE-B94DB3818AA1}.Release|Any CPU.ActiveCfg = Release|Any CPU
		{DA425792-5272-48BF-8DFE-B94DB3818AA1}.Release|Any CPU.Build.0 = Release|Any CPU
		{D627E368-D636-40B7-AF54-95A1A166E378}.Debug|Any CPU.ActiveCfg = Debug|Any CPU
		{D627E368-D636-40B7-AF54-95A1A166E378}.Debug|Any CPU.Build.0 = Debug|Any CPU
		{D627E368-D636-40B7-AF54-95A1A166E378}.Release|Any CPU.ActiveCfg = Release|Any CPU
		{D627E368-D636-40B7-AF54-95A1A166E378}.Release|Any CPU.Build.0 = Release|Any CPU
		{E8756780-2923-40E5-9ECA-CE1FBB563868}.Debug|Any CPU.ActiveCfg = Debug|Any CPU
		{E8756780-2923-40E5-9ECA-CE1FBB563868}.Debug|Any CPU.Build.0 = Debug|Any CPU
		{E8756780-2923-40E5-9ECA-CE1FBB563868}.Release|Any CPU.ActiveCfg = Release|Any CPU
		{E8756780-2923-40E5-9ECA-CE1FBB563868}.Release|Any CPU.Build.0 = Release|Any CPU
		{2A96CFAB-1100-48F4-93F8-8A819446FE7F}.Debug|Any CPU.ActiveCfg = Debug|Any CPU
		{2A96CFAB-1100-48F4-93F8-8A819446FE7F}.Debug|Any CPU.Build.0 = Debug|Any CPU
		{2A96CFAB-1100-48F4-93F8-8A819446FE7F}.Release|Any CPU.ActiveCfg = Release|Any CPU
		{2A96CFAB-1100-48F4-93F8-8A819446FE7F}.Release|Any CPU.Build.0 = Release|Any CPU
		{76639572-5591-453A-9744-95DF9EB08A5C}.Debug|Any CPU.ActiveCfg = Debug|Any CPU
		{76639572-5591-453A-9744-95DF9EB08A5C}.Debug|Any CPU.Build.0 = Debug|Any CPU
		{76639572-5591-453A-9744-95DF9EB08A5C}.Release|Any CPU.ActiveCfg = Release|Any CPU
		{76639572-5591-453A-9744-95DF9EB08A5C}.Release|Any CPU.Build.0 = Release|Any CPU
		{615001D2-9E79-439D-AA59-22001CC8F8B6}.Debug|Any CPU.ActiveCfg = Debug|Any CPU
		{615001D2-9E79-439D-AA59-22001CC8F8B6}.Debug|Any CPU.Build.0 = Debug|Any CPU
		{615001D2-9E79-439D-AA59-22001CC8F8B6}.Release|Any CPU.ActiveCfg = Release|Any CPU
		{615001D2-9E79-439D-AA59-22001CC8F8B6}.Release|Any CPU.Build.0 = Release|Any CPU
		{AFD76CE4-5C91-4F0E-8713-3380639CC20D}.Debug|Any CPU.ActiveCfg = Debug|Any CPU
		{AFD76CE4-5C91-4F0E-8713-3380639CC20D}.Debug|Any CPU.Build.0 = Debug|Any CPU
		{AFD76CE4-5C91-4F0E-8713-3380639CC20D}.Release|Any CPU.ActiveCfg = Release|Any CPU
		{AFD76CE4-5C91-4F0E-8713-3380639CC20D}.Release|Any CPU.Build.0 = Release|Any CPU
		{9BABC92D-6E3E-4C89-A977-7E16E4639F14}.Debug|Any CPU.ActiveCfg = Debug|Any CPU
		{9BABC92D-6E3E-4C89-A977-7E16E4639F14}.Debug|Any CPU.Build.0 = Debug|Any CPU
		{9BABC92D-6E3E-4C89-A977-7E16E4639F14}.Release|Any CPU.ActiveCfg = Release|Any CPU
		{9BABC92D-6E3E-4C89-A977-7E16E4639F14}.Release|Any CPU.Build.0 = Release|Any CPU
		{6BCCF9F5-B3D4-4F59-99AB-EA32A4E0B926}.Debug|Any CPU.ActiveCfg = Debug|Any CPU
		{6BCCF9F5-B3D4-4F59-99AB-EA32A4E0B926}.Debug|Any CPU.Build.0 = Debug|Any CPU
		{6BCCF9F5-B3D4-4F59-99AB-EA32A4E0B926}.Release|Any CPU.ActiveCfg = Release|Any CPU
		{6BCCF9F5-B3D4-4F59-99AB-EA32A4E0B926}.Release|Any CPU.Build.0 = Release|Any CPU
		{F956E60C-8B9D-4499-82C6-20E5320F1E1A}.Debug|Any CPU.ActiveCfg = Debug|Any CPU
		{F956E60C-8B9D-4499-82C6-20E5320F1E1A}.Debug|Any CPU.Build.0 = Debug|Any CPU
		{F956E60C-8B9D-4499-82C6-20E5320F1E1A}.Release|Any CPU.ActiveCfg = Release|Any CPU
		{F956E60C-8B9D-4499-82C6-20E5320F1E1A}.Release|Any CPU.Build.0 = Release|Any CPU
		{AB1E1326-2217-4302-A4D6-19EEF2489324}.Debug|Any CPU.ActiveCfg = Debug|Any CPU
		{AB1E1326-2217-4302-A4D6-19EEF2489324}.Debug|Any CPU.Build.0 = Debug|Any CPU
		{AB1E1326-2217-4302-A4D6-19EEF2489324}.Release|Any CPU.ActiveCfg = Release|Any CPU
		{AB1E1326-2217-4302-A4D6-19EEF2489324}.Release|Any CPU.Build.0 = Release|Any CPU
	EndGlobalSection
	GlobalSection(SolutionProperties) = preSolution
		HideSolutionNode = FALSE
	EndGlobalSection
	GlobalSection(NestedProjects) = preSolution
		{F5301DFA-E8F3-41D3-B466-E84B17975A99} = {71A02715-5698-403A-ACA5-093EF1F32A4A}
		{DA425792-5272-48BF-8DFE-B94DB3818AA1} = {71A02715-5698-403A-ACA5-093EF1F32A4A}
		{D627E368-D636-40B7-AF54-95A1A166E378} = {71A02715-5698-403A-ACA5-093EF1F32A4A}
		{E8756780-2923-40E5-9ECA-CE1FBB563868} = {71A02715-5698-403A-ACA5-093EF1F32A4A}
		{2A96CFAB-1100-48F4-93F8-8A819446FE7F} = {D022EA6C-ED1B-4A4F-A945-65A46B864C22}
		{76639572-5591-453A-9744-95DF9EB08A5C} = {71A02715-5698-403A-ACA5-093EF1F32A4A}
		{615001D2-9E79-439D-AA59-22001CC8F8B6} = {71A02715-5698-403A-ACA5-093EF1F32A4A}
		{D022EA6C-ED1B-4A4F-A945-65A46B864C22} = {71A02715-5698-403A-ACA5-093EF1F32A4A}
		{AFD76CE4-5C91-4F0E-8713-3380639CC20D} = {08E8A511-F14A-4B6C-9B16-D8948B97D1A7}
		{9BABC92D-6E3E-4C89-A977-7E16E4639F14} = {08E8A511-F14A-4B6C-9B16-D8948B97D1A7}
		{AB1E1326-2217-4302-A4D6-19EEF2489324} = {71A02715-5698-403A-ACA5-093EF1F32A4A}
	EndGlobalSection
	GlobalSection(ExtensibilityGlobals) = postSolution
		SolutionGuid = {6DD33DD3-1EBE-46BF-9030-9DBE084C1BB6}
	EndGlobalSection
EndGlobal
